
Microsoft Visual Studio Solution File, Format Version 12.00
# Visual Studio Version 16
VisualStudioVersion = 16.0.32228.343
MinimumVisualStudioVersion = 10.0.40219.1
Project("{FAE04EC0-301F-11D3-BF4B-00C04F79EFBC}") = "СollisionMatrix", "СollisionMatrix\СollisionMatrix.csproj", "{DFB76326-BC52-42D0-A31C-5E4A8E61C3B9}"
EndProject
Global
	GlobalSection(SolutionConfigurationPlatforms) = preSolution
		Debug|Any CPU = Debug|Any CPU
		Release|Any CPU = Release|Any CPU
	EndGlobalSection
	GlobalSection(ProjectConfigurationPlatforms) = postSolution
		{DFB76326-BC52-42D0-A31C-5E4A8E61C3B9}.Debug|Any CPU.ActiveCfg = Debug|Any CPU
		{DFB76326-BC52-42D0-A31C-5E4A8E61C3B9}.Debug|Any CPU.Build.0 = Debug|Any CPU
		{DFB76326-BC52-42D0-A31C-5E4A8E61C3B9}.Release|Any CPU.ActiveCfg = Release|Any CPU
		{DFB76326-BC52-42D0-A31C-5E4A8E61C3B9}.Release|Any CPU.Build.0 = Release|Any CPU
	EndGlobalSection
	GlobalSection(SolutionProperties) = preSolution
		HideSolutionNode = FALSE
	EndGlobalSection
	GlobalSection(ExtensibilityGlobals) = postSolution
		SolutionGuid = {D52D896F-5A53-4658-81A7-1719B70370B9}
	EndGlobalSection
EndGlobal
